{
  "lockfileVersion": 1,
  "configVersion": 1,
  "workspaces": {
    "": {
      "name": "notes",
      "dependencies": {
        "@effect/platform-node": "4.0.0-rc.117",
        "@herdr/sdk": "github:timmo001/herdr-ts-sdk#b3038529e418178e950b939a0ff078e9b315f9a9",
        "@opentui/core": "^0.5.12",
        "@timmo001/effect-gh": "github:timmo001/effect-gh#46e7efe4c888ebb62fd78ba7692e600bb0f43d05",
        "@tuiparts/core": "^0.0.6",
        "effect": "4.0.0-rc.117",
        "fuse.js": "^7.5.0",
        "proper-lockfile": "^4.1.2",
        "yaml": "^2.9.1",
      },
      "devDependencies": {
        "@effect/tsgo": "^0.46.0",
        "@oxlint/plugins": "1.85.0",
        "@timmo001/oxlint-rules": "0.3.6",
        "@types/bun": "^1.4.2",
        "@types/proper-lockfile": "^4.1.4",
        "oxlint": "1.85.0",
        "oxlint-tsgolint": "7.0.2003",
        "prettier": "^3.9.8",
        "typescript": "^7.0.2",
      },
    },
  },
  "trustedDependencies": [
    "@effect/tsgo",
  ],
  "overrides": {
    "@effect/platform-node-shared": "4.0.0-rc.117",
    "effect": "4.0.0-rc.117",
  },
  "packages": {
    "@effect/platform-node": ["@effect/platform-node@4.0.0-rc.117", "", { "dependencies": { "@effect/platform-node-shared": "^4.0.0-rc.117", "undici": "^8.10.2" }, "peerDependencies": { "effect": "^4.0.0-rc.117", "redis": ">=5.0.0 <7.0.0" } }, "sha512-WbPcvQDkqXFnCeG6LohJ9eVNapCDhZbCpezhYKxm0IsZEk7swakRh7RkC1t2CXzd3hGmszTv2k9e/pXyZuL+wQ=="],

    "@effect/platform-node-shared": ["@effect/platform-node-shared@4.0.0-rc.117", "", { "dependencies": { "@types/ws": "^8.18.1", "ws": "^8.21.3" }, "peerDependencies": { "effect": "^4.0.0-rc.117" } }, "sha512-GyRkEfLBG49MwJe+/XDPiXYcQ44RA9p2z0AurlsWhR1cd1PqOUMEZU1pORL+/R5hR8aH6ZuqoJYD8lAc6h+wlA=="],

    "@effect/tsgo": ["@effect/tsgo@0.46.0", "", { "optionalDependencies": { "@effect/tsgo-darwin-arm64": "0.46.0", "@effect/tsgo-darwin-x64": "0.46.0", "@effect/tsgo-linux-arm": "0.46.0", "@effect/tsgo-linux-arm64": "0.46.0", "@effect/tsgo-linux-x64": "0.46.0", "@effect/tsgo-win32-arm64": "0.46.0", "@effect/tsgo-win32-x64": "0.46.0" }, "bin": { "effect-tsgo": "dist/effect-tsgo.cjs" } }, "sha512-Norc3rq0kleoRaIAohO4bA2Ef2/Ah8tW045Aq+X9bcCiCcKVPYzOaxt9DLit+utpreW56F7idHxp90HSxobqWQ=="],

    "@effect/tsgo-darwin-arm64": ["@effect/tsgo-darwin-arm64@0.46.0", "", { "os": "darwin", "cpu": "arm64" }, "sha512-1Ox9ItOdRJN9aL0hZPYXX9dfFpSDb7h5DRdWCoU30OFlWe04I7ErdOlKkoImj6bea9WiQedTa8k2n3I+LbNG7w=="],

    "@effect/tsgo-darwin-x64": ["@effect/tsgo-darwin-x64@0.46.0", "", { "os": "darwin", "cpu": "x64" }, "sha512-U/A3YpyXvzChkOB/HIi2XeTTC6qnS0h1DzoPPjRfNGv8AFohRwzD+ZMnEY+hU4jvJ7owMrOZrgjr3rcRdsxIgg=="],

    "@effect/tsgo-linux-arm": ["@effect/tsgo-linux-arm@0.46.0", "", { "os": "linux", "cpu": "arm" }, "sha512-VZGErwcGPTj0o/YIpxpyuHhlLtlAA8+NOx6qoepk6PFlkV76uRWWA1A68j+f7TOAzE1FOZVYfJFfI5mqZsxZNQ=="],

    "@effect/tsgo-linux-arm64": ["@effect/tsgo-linux-arm64@0.46.0", "", { "os": "linux", "cpu": "arm64" }, "sha512-Iiqx0d/gkwsIJM23jiYXQZIOo+Dfk4MgXUUIEE2RWEqQAythFaUqK6p+jzoY6cBoKzuXf3B11vMpb1xiRNs12w=="],

    "@effect/tsgo-linux-x64": ["@effect/tsgo-linux-x64@0.46.0", "", { "os": "linux", "cpu": "x64" }, "sha512-PPSLhmdJw0GglzHY4DL1AdR33jnx14bH9/f+IFeifvmzMyXInCzLI4w8jI2ROX1HN2dQg6H/v8tX0Ef7xtq8tw=="],

    "@effect/tsgo-win32-arm64": ["@effect/tsgo-win32-arm64@0.46.0", "", { "os": "win32", "cpu": "arm64" }, "sha512-0CSOUE9DDROvk96TSwm5J96pxB7Mm1D1zXeHFTDMmf3Pim2JjAuCZ3oYQrrnUP520kAnbABNVUhWHURtaU5IjA=="],

    "@effect/tsgo-win32-x64": ["@effect/tsgo-win32-x64@0.46.0", "", { "os": "win32", "cpu": "x64" }, "sha512-VGoT9TkWhFxjhRMOok3wqx5TwXAKKCdFgug+aggP9GGaLC33lqW1l85kLm4sMH5dzw2Fa3g/+BGyVJoL20INdg=="],

    "@herdr/sdk": ["@herdr/sdk@github:timmo001/herdr-ts-sdk#b303852", { "dependencies": { "@effect/platform-node-shared": "4.0.0-rc.117", "ajv": "^8.20.0", "effect": "4.0.0-rc.117" } }, "timmo001-herdr-ts-sdk-b303852", "sha512-xWyGygDI/TjHD42rXJceFxJFOXDAtpDCiVUEicyV2SbxgHstjpQmySlAATb4UxllXGIBXZIUARr47LgMcDUiEQ=="],

    "@opentui/core": ["@opentui/core@0.5.12", "", { "dependencies": { "bun-ffi-structs": "0.3.1", "diff": "9.0.0", "marked": "17.0.1", "string-width": "7.2.0", "strip-ansi": "7.1.2" }, "optionalDependencies": { "@opentui/core-darwin-arm64": "0.5.12", "@opentui/core-darwin-x64": "0.5.12", "@opentui/core-linux-arm64": "0.5.12", "@opentui/core-linux-arm64-musl": "0.5.12", "@opentui/core-linux-x64": "0.5.12", "@opentui/core-linux-x64-musl": "0.5.12", "@opentui/core-win32-arm64": "0.5.12", "@opentui/core-win32-x64": "0.5.12" }, "peerDependencies": { "web-tree-sitter": "0.25.10" } }, "sha512-ZXBE5gmvdovmV8zJQrOQf6E44v1tJRDEgrM2MYhEglzgXZ+smIUp95O8zeRYGsuIzQIiMPMgQqKtTJuzvAb7BQ=="],

    "@opentui/core-darwin-arm64": ["@opentui/core-darwin-arm64@0.5.12", "", { "os": "darwin", "cpu": "arm64" }, "sha512-YdVnP0tAyerBNl0mIcmQEOotPeZzW1VnSXKBl5cyZ5e6nDd2Y+ui/8eRPpn1oqcamf1NCnzS4ohMgejOvna8Zg=="],

    "@opentui/core-darwin-x64": ["@opentui/core-darwin-x64@0.5.12", "", { "os": "darwin", "cpu": "x64" }, "sha512-uRrQJdHmLUSj3PV23QPi3WSimYTTxcXnVouxF6U4xMXlOv4N3SxnHfVwMRQkPqbGOfvVWHeLE6FdK4C+ubU0sQ=="],

    "@opentui/core-linux-arm64": ["@opentui/core-linux-arm64@0.5.12", "", { "os": "linux", "cpu": "arm64" }, "sha512-XeKhuIaEtgipvuPHbl4qPOBj+Ut+2zObmsxMVM1jDcjz/FatG9PGeGQPx1G1SnvH2AgpT4K+eCu7DUF0+yIqoQ=="],

    "@opentui/core-linux-arm64-musl": ["@opentui/core-linux-arm64-musl@0.5.12", "", { "os": "linux", "cpu": "arm64" }, "sha512-VZ2sNMw1d/r1SLPjUbOP9LKscKz1CQjID8adTL6gG8Lrrq+mYcIUxutyB+P/eG0J/7oRZLPR6OMt7dUOap6RTg=="],

    "@opentui/core-linux-x64": ["@opentui/core-linux-x64@0.5.12", "", { "os": "linux", "cpu": "x64" }, "sha512-eZiCjEzwbb6qClPPfk32Nha9xmr9obt69Xj0+9SKsXxWLBKkjQEGOMRoh/R9ObaQF4aq8If1xV3VEY0sD9W9vg=="],

    "@opentui/core-linux-x64-musl": ["@opentui/core-linux-x64-musl@0.5.12", "", { "os": "linux", "cpu": "x64" }, "sha512-WWW0hVBoSYZ3D6AgZ4u2Y5/u/IyIq2pDb+4yI3WgJ70Wyt6ofHy+6kRGRgbXFn1p+rPInAHjCXD2v6C7iEKSrA=="],

    "@opentui/core-win32-arm64": ["@opentui/core-win32-arm64@0.5.12", "", { "os": "win32", "cpu": "arm64" }, "sha512-aLbm6870Ybls6CYL4zMOCImTBPLZHZMUXJFGqMI44lIWxitkAtT6zg5lYA4oRqFRzzryDclxr29+hDgT3p3Blw=="],

    "@opentui/core-win32-x64": ["@opentui/core-win32-x64@0.5.12", "", { "os": "win32", "cpu": "x64" }, "sha512-KTwtwpfd2zF9opVh3SyRJYDd1o3Xv4XL8OZb8Zi+CqWUel6Y2IDCiVivCv8fGJt3J7wOIXXtuZI9ZUkLyKJCiQ=="],

    "@oxlint-tsgolint/darwin-arm64": ["@oxlint-tsgolint/darwin-arm64@7.0.2003", "", { "os": "darwin", "cpu": "arm64" }, "sha512-TgV33rXr6ueXBwvc+0nssUkTBSXHJxv77I8p4RCjDjCnvexHtmoPiudVRDfj3S3puMDdeQdHW6jdUgUPy3nr/w=="],

    "@oxlint-tsgolint/darwin-x64": ["@oxlint-tsgolint/darwin-x64@7.0.2003", "", { "os": "darwin", "cpu": "x64" }, "sha512-hY3FMAjIaPDdK3FNxyRXRfHPOFeoBn6dmnLyKZgQ2IbTTD1adXhl6PfCIqHhCPvurigv7nf7mYuWZZ19MmJzmg=="],

    "@oxlint-tsgolint/linux-arm64": ["@oxlint-tsgolint/linux-arm64@7.0.2003", "", { "os": "linux", "cpu": "arm64" }, "sha512-eAET4JpyfBbg8SO0K74o4R55tEjVC292pIyxGOw2XGf8x/HrPNyxwQ478jMYOM54FIVOHc8sJ6VRHxluy6lucw=="],

    "@oxlint-tsgolint/linux-x64": ["@oxlint-tsgolint/linux-x64@7.0.2003", "", { "os": "linux", "cpu": "x64" }, "sha512-GXdyO/XyqDJ3s/llR/oOktLsYNjZtWSQBy0JMc+/0gsNPvTcseKPhn9c6KcFyWmnr6H4vljYALbujonqSzzEGw=="],

    "@oxlint-tsgolint/win32-arm64": ["@oxlint-tsgolint/win32-arm64@7.0.2003", "", { "os": "win32", "cpu": "arm64" }, "sha512-TWauXnPfet0VgpmrstoAK58eJ4gbuwPUuUTQmYQAzE/RG1CpnxXtrKUJULf6lyerPE4KN3gM+DflIA1hOH+38Q=="],

    "@oxlint-tsgolint/win32-x64": ["@oxlint-tsgolint/win32-x64@7.0.2003", "", { "os": "win32", "cpu": "x64" }, "sha512-DoRmfe7j8VqNlukp8liRVW45GQDhzRccNenjD/pdzelgtffW47pCMd1xbJLkPaPbKnTwID3onn3VZlL7JbebEA=="],

    "@oxlint/binding-android-arm-eabi": ["@oxlint/binding-android-arm-eabi@1.85.0", "", { "os": "android", "cpu": "arm" }, "sha512-q2KO/Zso9UT+OMn0NF9ywn4E4t0MI3yxiDhNyhsQ7DyQJrC4FhFE4TXOi4bktFnOWXTMds8qZSbpv2XwRaNOBg=="],

    "@oxlint/binding-android-arm64": ["@oxlint/binding-android-arm64@1.85.0", "", { "os": "android", "cpu": "arm64" }, "sha512-SxLN3ALjoT9NNdvpjEevGeHvfzTAFrF0NBYB5tzK7/GtCKMze3j1e/m/X2ozqGj2U9hfGG/dg/OG8vpVK4PiDA=="],

    "@oxlint/binding-darwin-arm64": ["@oxlint/binding-darwin-arm64@1.85.0", "", { "os": "darwin", "cpu": "arm64" }, "sha512-Y/Sup/J4f0f9UGsSd/xyCNTeWL+gepO63GBdEDAfue9nBsnk9zMmnIXx1O6b1V8C90vB5nucYNZ0pbMXAp8zJA=="],

    "@oxlint/binding-darwin-x64": ["@oxlint/binding-darwin-x64@1.85.0", "", { "os": "darwin", "cpu": "x64" }, "sha512-ApOSNC04ynpDTwvBD+//0wyfODRSbEzvRoKpX8teffmc27z8AockwSNeMXGJXn5KP85eahDgR/2llICWLkzcnw=="],

    "@oxlint/binding-freebsd-x64": ["@oxlint/binding-freebsd-x64@1.85.0", "", { "os": "freebsd", "cpu": "x64" }, "sha512-bNrVrCOA/kHky3Tu79IXWXe5bhIgLXfUuUEDHlAGOHUk96MkvDZ1ecaQF19rwstrnaqfP1o9nBTqzIr9+ZHkUg=="],

    "@oxlint/binding-linux-arm-gnueabihf": ["@oxlint/binding-linux-arm-gnueabihf@1.85.0", "", { "os": "linux", "cpu": "arm" }, "sha512-NUrzOJ1s/EqsVvfn2L/1D8Wro2LPIZUbihL8kOJLh5fEdGEN3rdOGUYq3HwnUIL8sjpoP+4N6RaGrgmMJnaMPw=="],

    "@oxlint/binding-linux-arm-musleabihf": ["@oxlint/binding-linux-arm-musleabihf@1.85.0", "", { "os": "linux", "cpu": "arm" }, "sha512-UJXrAT3E/RWkEqXLIs2ehETja1qfgkPb+5gwLIIS+o/6cf+grHvoOXTa5997a/YNQfcJS0DRBTOfZt95cvOI1g=="],

    "@oxlint/binding-linux-arm64-gnu": ["@oxlint/binding-linux-arm64-gnu@1.85.0", "", { "os": "linux", "cpu": "arm64" }, "sha512-lK40QLjI0HxigO7CjDDshEtfYIeiYS0020v5BHFPqN4uuQBQxd2K9LNom2dW15o9F1937quSCRVp4ZsVhdbYdg=="],

    "@oxlint/binding-linux-arm64-musl": ["@oxlint/binding-linux-arm64-musl@1.85.0", "", { "os": "linux", "cpu": "arm64" }, "sha512-c2zbdBwGKreHXwRx3gWBuFGJxLhxgsg6YlZ+3H+RgRusU/UEV9jNwJ3HGYK+nRo0LvBa7mt6Kj86xoVotUo8cw=="],

    "@oxlint/binding-linux-ppc64-gnu": ["@oxlint/binding-linux-ppc64-gnu@1.85.0", "", { "os": "linux", "cpu": "ppc64" }, "sha512-tlt/Hy8lZ97/lCPmCgw/B3k/mwh+BzaIPbPkldZEly7TwLmx0xe2CQcaW2g/rR0dOgS9JNGCZsMEqLhUNMGvaw=="],

    "@oxlint/binding-linux-riscv64-gnu": ["@oxlint/binding-linux-riscv64-gnu@1.85.0", "", { "os": "linux", "cpu": "none" }, "sha512-3tNR9Xey82X0zKuY1d8hJ6Rc9gwRDurmqGLnQZa5xqOXy8/YyiqFXjAtugkKLY82obOlpK1eSiDRlgcNPuxtIg=="],

    "@oxlint/binding-linux-riscv64-musl": ["@oxlint/binding-linux-riscv64-musl@1.85.0", "", { "os": "linux", "cpu": "none" }, "sha512-wbGRd5PqCcjkJFHhZuZ2OBSUQY9czlQsoA/cQQB9JK/L9mC5MQgGoKAh+xd8QjA5V+0D3j+Qd1lAWn1I8zlelA=="],

    "@oxlint/binding-linux-s390x-gnu": ["@oxlint/binding-linux-s390x-gnu@1.85.0", "", { "os": "linux", "cpu": "s390x" }, "sha512-3Sn0kSrE4DPZCWV/8o+n4x3aFZxI9ulMnkYlwCbJ8eUVkwRK2IerohE/A/z3SNbCwoPFOCJmGE5Avrq0rrvdvQ=="],

    "@oxlint/binding-linux-x64-gnu": ["@oxlint/binding-linux-x64-gnu@1.85.0", "", { "os": "linux", "cpu": "x64" }, "sha512-JY2pxxYfB62bAGfejljVCqc44etItehPuAyaeSAdMuEMtwNA00ggMnS66lC1oIhos6oOXUkuU6mZ9bpFh3BqWg=="],

    "@oxlint/binding-linux-x64-musl": ["@oxlint/binding-linux-x64-musl@1.85.0", "", { "os": "linux", "cpu": "x64" }, "sha512-5k74vZ6qJBjBHEOlBk9B/iv68Yu0F1Afw/vvT2ar6OGCqEeXLaSjXz2n/IPCbhLG22UoKoYEJTzpYraRdcp6PA=="],

    "@oxlint/binding-openharmony-arm64": ["@oxlint/binding-openharmony-arm64@1.85.0", "", { "os": "none", "cpu": "arm64" }, "sha512-GbAl5qt5TCkPLXTaIISZJnugrcBhra6rodcXc9jYt620UtdsTt71NlNmJmm0frxzFpd54x/G+MkitEJA8I/BoA=="],

    "@oxlint/binding-win32-arm64-msvc": ["@oxlint/binding-win32-arm64-msvc@1.85.0", "", { "os": "win32", "cpu": "arm64" }, "sha512-kjmws5MK0et2swk4ND85D7NVQyDHw162i6whtZDLUA/lo6FQyBZDcmMRCMcVZcNrAhIaftVb00x9ChGDOjjNJA=="],

    "@oxlint/binding-win32-ia32-msvc": ["@oxlint/binding-win32-ia32-msvc@1.85.0", "", { "os": "win32", "cpu": "ia32" }, "sha512-eSsIJx9n4yxvOqYTZyPEMyEXRmE60XH7xGAU7i0Qbsn1lf6Za3CWJ9aRd82oSFKXaxhp+sA6/yMJVRIpLpna6A=="],

    "@oxlint/binding-win32-x64-msvc": ["@oxlint/binding-win32-x64-msvc@1.85.0", "", { "os": "win32", "cpu": "x64" }, "sha512-pBebIPUpKKhWrhSMWhy8TdAZBewiXnfxmaAGxhzxM1068GagqFaTwgKlU6e+UyJ2sPR+VoHouhXuGJkQjsrDvA=="],

    "@oxlint/plugins": ["@oxlint/plugins@1.85.0", "", {}, "sha512-qqHqML3ME3cxGgFvWJG8wwMnJc9ol5SMdtqkq0k8r7l0USmC+HRXYjzDacME4Dqkx4yqrUsBhj0JYvji8fHxJQ=="],

    "@redis/bloom": ["@redis/bloom@6.2.1", "", { "peerDependencies": { "@redis/client": "^6.2.1" } }, "sha512-huQgNLaCIZfQ9SeLn4q9124uOUd8HbZDYHwwUzNcRgHqCHiHKl2dDxMqJCeWh8cMqZAoWuHR8XnWbDMIf+o7ag=="],

    "@redis/client": ["@redis/client@6.2.1", "", { "dependencies": { "cluster-key-slot": "1.1.2" }, "peerDependencies": { "@node-rs/xxhash": "^1.1.0", "@opentelemetry/api": ">=1 <2" }, "optionalPeers": ["@node-rs/xxhash", "@opentelemetry/api"] }, "sha512-LzxBY7SIBvvJiyCgcaJZZakE3fJrZZ++i24+EDW9fKpCl68D35uJcKFpZZwCfOoG9WZTbyZlMzMeM0gtOAMU9Q=="],

    "@redis/json": ["@redis/json@6.2.1", "", { "peerDependencies": { "@redis/client": "^6.2.1" } }, "sha512-AFIUJ8Gj0DaaSBHYuSt8+O0oYWM+50OK1c0OmodB7XERIA8+BbyV3O4v76f9iccWasd1/7qjfZTpuzexUaZtrQ=="],

    "@redis/search": ["@redis/search@6.2.1", "", { "peerDependencies": { "@redis/client": "^6.2.1" } }, "sha512-2vfOAOyYFE7UUw3sBBlkqqruBtOUS4HRY5MtW4hp83llrwvtrTE4r22CEqXddlV+54zkLxBE4nmsIJ/dpezQrQ=="],

    "@redis/time-series": ["@redis/time-series@6.2.1", "", { "peerDependencies": { "@redis/client": "^6.2.1" } }, "sha512-kiYniph04dJOole+L359B6C9E+jYS2uDP7hca6Onj0xF38ZIpyxARO0Iq0W4ZRn1e8Q6vqW00QFZVSMRA/2Ijw=="],

    "@timmo001/effect-gh": ["@timmo001/effect-gh@github:timmo001/effect-gh#46e7efe", { "peerDependencies": { "effect": "4.0.0-rc.117" } }, "timmo001-effect-gh-46e7efe", "sha512-zWXxFaRVV2v6W5+pZv++huU3DCnKNlWNBzPkRmSUg5o8amJRDVQj9J+6h/Vma6SW00qYeZxyq6QiRdPFTNBMJw=="],

    "@timmo001/oxlint-rules": ["@timmo001/oxlint-rules@0.3.6", "", { "peerDependencies": { "@oxlint/plugins": "1.85.0", "oxlint": "1.85.0" }, "bin": { "oxlint-rules": "dist/cli.js" } }, "sha512-9fAWa2fUwo7hOgwq/BHIsoKAIxDelsAvWf0ttpDMxgRp7M70vdEshQ6RM22j9ayof2ta23yzuj6bue/hQ7pgZQ=="],

    "@tuiparts/core": ["@tuiparts/core@0.0.6", "", { "peerDependencies": { "@opentui/core": "^0.4.3" } }, "sha512-DNqtRprlpMJGUHVTm+L0R/P2Gbn392NZdzna8YSPQkgfNjyroSKpZieg1jTTnYAQn7cz5LpiwtDjw3RCUBrulw=="],

    "@types/bun": ["@types/bun@1.4.2", "", { "dependencies": { "bun-types": "1.4.2" } }, "sha512-GimotNn7+ZV0uVArItBbriZsR1oNf0+WTzPkdcFrzShI7k2norL0uzEaJT8T33dWr7O/c9ZDuAFQrctKCi72oQ=="],

    "@types/node": ["@types/node@26.6.2", "", { "dependencies": { "undici-types": "~8.9.0" } }, "sha512-X1P21scMv4zGKLYqjdGjaKa7COa0RKVYYZZN/NfvLQ1JegxFhdhpZG/Lyn8AXx6CDUavKAd11v6BvfpkDByK8g=="],

    "@types/proper-lockfile": ["@types/proper-lockfile@4.1.4", "", { "dependencies": { "@types/retry": "*" } }, "sha512-uo2ABllncSqg9F1D4nugVl9v93RmjxF6LJzQLMLDdPaXCUIDPeOJ21Gbqi43xNKzBi/WQ0Q0dICqufzQbMjipQ=="],

    "@types/retry": ["@types/retry@0.12.5", "", {}, "sha512-3xSjTp3v03X/lSQLkczaN9UIEwJMoMCA1+Nb5HfbJEQWogdeQIyVtTvxPXDQjZ5zws8rFQfVfRdz03ARihPJgw=="],

    "@types/ws": ["@types/ws@8.18.1", "", { "dependencies": { "@types/node": "*" } }, "sha512-ThVF6DCVhA8kUGy+aazFQ4kXQ7E1Ty7A3ypFOe0IcJV8O/M511G99AW24irKrW56Wt44yG9+ij8FaqoBGkuBXg=="],

    "@typescript/typescript-aix-ppc64": ["@typescript/typescript-aix-ppc64@7.0.2", "", { "os": "aix", "cpu": "ppc64" }, "sha512-MTKKkWB7p/0E9xi1d1tHtZ5PiLkGEMIq88pK2CubZjOsLtYTLqhgIgi6zepFa+9GHZ6h05NMCkQxGKiPXMxXtQ=="],

    "@typescript/typescript-darwin-arm64": ["@typescript/typescript-darwin-arm64@7.0.2", "", { "os": "darwin", "cpu": "arm64" }, "sha512-gowzar9MwS/aRWp6f3a4KUqzRjAZjOsmGNCM6LcTgXum+dBfgsBVMN+AgvOCCbguXyick6LJhpBszxMebJ8syA=="],

    "@typescript/typescript-darwin-x64": ["@typescript/typescript-darwin-x64@7.0.2", "", { "os": "darwin", "cpu": "x64" }, "sha512-SZ9xZInqApNlNGc9s0W1VSsktYSOe9cFqNOIqmN1Gs8SmkjKZYFt017G4VwPxASInODuAdbTW7sXiFUf893RgA=="],

    "@typescript/typescript-freebsd-arm64": ["@typescript/typescript-freebsd-arm64@7.0.2", "", { "os": "freebsd", "cpu": "arm64" }, "sha512-W5NH4y/J0plIIS5b2xvTEkU7JFxyqdMAOgf+Ilhl0vHQXKO5dZoxd+C/jEtq56c4F3wk71RB4BMRQ2XdI+bwYQ=="],

    "@typescript/typescript-freebsd-x64": ["@typescript/typescript-freebsd-x64@7.0.2", "", { "os": "freebsd", "cpu": "x64" }, "sha512-UMGDx5sTpzNw3WiPebH7l90IWfJggEd+egHt/q6p7/Cm3zqoV7VxkGXt+3DxPIw8CcmvAB0j3sVVfbhX+M4Tpw=="],

    "@typescript/typescript-linux-arm": ["@typescript/typescript-linux-arm@7.0.2", "", { "os": "linux", "cpu": "arm" }, "sha512-gffT3xPz9sR7j/YJExkyPntrI0P2EP9XbOyWzth2/Gs0RstK+90RBcO0ncXoXy/beYll1SXw846Nf2zdnEz0QQ=="],

    "@typescript/typescript-linux-arm64": ["@typescript/typescript-linux-arm64@7.0.2", "", { "os": "linux", "cpu": "arm64" }, "sha512-Qh4eU4/y3yDjnfjjyPYihMj5/ODIlmt+Bzu17OI+fiSRDW57QmU5SiN63exPRNJPKUzcc1INa1NXdrJ+MqHjUQ=="],

    "@typescript/typescript-linux-loong64": ["@typescript/typescript-linux-loong64@7.0.2", "", { "os": "linux", "cpu": "none" }, "sha512-uEHck9i8hoAzXPiYRib1O7miOnz23SxIeVl6F4LXox+qov1K35jHcEW6VHKvZI+pyvl7fZEP4MCU5LYvIq1GuQ=="],

    "@typescript/typescript-linux-mips64el": ["@typescript/typescript-linux-mips64el@7.0.2", "", { "os": "linux", "cpu": "none" }, "sha512-R4KvAMnE43W5Qeqb0Ly56O3mWMWIAgsMyz36DCaycd5nbg/9kzm0liw3JocfRqyJY0KPmzFjbswozXyW0DnIYA=="],

    "@typescript/typescript-linux-ppc64": ["@typescript/typescript-linux-ppc64@7.0.2", "", { "os": "linux", "cpu": "ppc64" }, "sha512-DORx5b3sd/4S7eayxm4FQv+A7CrkUIGRaHiwI8oiHTAI1fAPWhF4J0vAlkC8biAlHSVVwxMQ3tjZ2/DVbnQiiA=="],

    "@typescript/typescript-linux-riscv64": ["@typescript/typescript-linux-riscv64@7.0.2", "", { "os": "linux", "cpu": "none" }, "sha512-wf0jqEDOjrPRnKwYRyyJDRo11KMbvMFrU+q4zqKyChODBzvlkbhNQfKvLxQCcwTpdDaXSHZTVuh0JoCrKCUMHQ=="],

    "@typescript/typescript-linux-s390x": ["@typescript/typescript-linux-s390x@7.0.2", "", { "os": "linux", "cpu": "s390x" }, "sha512-IkwJc3L7yhytWd/ewjyxNDfOmswCm9GWMJT/ue/dU4aZNbwZeYAetq42VyLmsmSjvoX7z74X6ZaYCtzAr0EuGw=="],

    "@typescript/typescript-linux-x64": ["@typescript/typescript-linux-x64@7.0.2", "", { "os": "linux", "cpu": "x64" }, "sha512-EYdf2cNg7rgCWJnxCdJ+F3V39O8ihb37eHAu1LK8oAFizgTQbPOK7zHHXbPt8rX24COqODXeI3sIf0fCXG7H/A=="],

    "@typescript/typescript-netbsd-arm64": ["@typescript/typescript-netbsd-arm64@7.0.2", "", { "os": "none", "cpu": "arm64" }, "sha512-+polYF4MF04aPpO5FTkHran9yUQDSXqy5GiSDKpsll5jy3l3+g9QLhpf39T+ePtefhXLOGrLl0QIjkQP6VnelA=="],

    "@typescript/typescript-netbsd-x64": ["@typescript/typescript-netbsd-x64@7.0.2", "", { "os": "none", "cpu": "x64" }, "sha512-8YIT0EHM/3dq10ZOVF/A7pc/YSMtbcecct4rWtexrnSCHOPcpC2KTLXfTCR6vDpnSiY12heNb1GiN/wu+T/FyA=="],

    "@typescript/typescript-openbsd-arm64": ["@typescript/typescript-openbsd-arm64@7.0.2", "", { "os": "openbsd", "cpu": "arm64" }, "sha512-APT8+ClYnuYm1u9+kgGXoMj2VzWzcymwh2gNSQVySHfkRDGOTVkoWLjCmOQSaO+PoqQ57B0flRp9SA+7GnnkzQ=="],

    "@typescript/typescript-openbsd-x64": ["@typescript/typescript-openbsd-x64@7.0.2", "", { "os": "openbsd", "cpu": "x64" }, "sha512-yX7s+Q0Dln0Dt9tEzZsAjXXR/+ytBM7AlglaqyeMPxQszJ1JhlJdZ6jLA+IzldHtflX81em7lDao1xXu+aRRkg=="],

    "@typescript/typescript-sunos-x64": ["@typescript/typescript-sunos-x64@7.0.2", "", { "os": "sunos", "cpu": "x64" }, "sha512-dLJDGaLZ1D4HPQn62u1n8mBDkJREwMsAkCdkwd4Ieqw+x3TUyTsqY0YiBCtE6H6OzzgGk3iuZ3vFWRS+E8/d1g=="],

    "@typescript/typescript-win32-arm64": ["@typescript/typescript-win32-arm64@7.0.2", "", { "os": "win32", "cpu": "arm64" }, "sha512-Gyl1Vy6OsWesLzmq+EP0Fb7b4Nid5232AvcA2SFcdYreldpNtYFFofPjnt62y9hQy7VTaZp65ICJjuAQRaVcIQ=="],

    "@typescript/typescript-win32-x64": ["@typescript/typescript-win32-x64@7.0.2", "", { "os": "win32", "cpu": "x64" }, "sha512-0BQ3HkAHHlKLSp1qRvf3SUhGpGsDuhB/jgFw75guyqbxJqEaS0Cw/VFO8i2nHglJUzQCRtMMR/IBAKE3ETMC4g=="],

    "ajv": ["ajv@8.20.0", "", { "dependencies": { "fast-deep-equal": "^3.1.3", "fast-uri": "^3.0.1", "json-schema-traverse": "^1.0.0", "require-from-string": "^2.0.2" } }, "sha512-Thbli+OlOj+iMPYFBVBfJ3OmCAnaSyNn4M1vz9T6Gka5Jt9ba/HIR56joy65tY6kx/FCF5VXNB819Y7/GUrBGA=="],

    "ansi-regex": ["ansi-regex@6.3.0", "", {}, "sha512-WpDfL7NO6j7tH88IDBNVdUJxDh9nmCteAVW9dsep846XdwF4naCBK+/tGLX3KJgcpgMRXCFlTM2hKGoK9FsdrQ=="],

    "bun-ffi-structs": ["bun-ffi-structs@0.3.1", "", { "peerDependencies": { "typescript": "^5" } }, "sha512-3gM7PpVWLyrwxWjcilSiGuhWanhZivvo6l0u573NziPH6f/gwk6McbaYgn7oJWov6pKGRTDbrg94W5DcJsKTtQ=="],

    "bun-types": ["bun-types@1.4.2", "", { "dependencies": { "@types/node": "*" } }, "sha512-bxV1FgK7yBIzjRe5zBozIM4Bem11ZJcCXSrjWRG3YWLt8yFDePu4cLjpebO8OvPeIE9trbyPF4fuj3Cia4Fj3w=="],

    "cluster-key-slot": ["cluster-key-slot@1.1.2", "", {}, "sha512-RMr0FhtfXemyinomL4hrWcYJxmX6deFdCxpJzhDttxgO1+bcCnkk+9drydLVDmAMG7NE6aN/fl4F7ucU/90gAA=="],

    "diff": ["diff@9.0.0", "", {}, "sha512-svtcdpS8CgJyqAjEQIXdb3OjhFVVYjzGAPO8WGCmRbrml64SPw/jJD4GoE98aR7r25A0XcgrK3F02yw9R/vhQw=="],

    "effect": ["effect@4.0.0-rc.117", "", {}, "sha512-UUyi9QiOW4nySFIBM3KnYbNMd9EZliOdKfBcyLD0mPMPheO2fkuXS5y0opjWc9oqzlJxPQICEGm8gGw3kh9j/w=="],

    "emoji-regex": ["emoji-regex@10.6.0", "", {}, "sha512-toUI84YS5YmxW219erniWD0CIVOo46xGKColeNQRgOzDorgBi1v4D71/OFzgD9GO2UGKIv1C3Sp8DAn0+j5w7A=="],

    "fast-deep-equal": ["fast-deep-equal@3.1.3", "", {}, "sha512-f3qQ9oQy9j2AhBe/H9VC91wLmKBCCU/gDOnKNAYG5hswO7BLKj09Hc5HYNz9cGI++xlpDCIgDaitVs03ATR84Q=="],

    "fast-uri": ["fast-uri@3.1.8", "", {}, "sha512-GZMtZUTNRpOVIECoXwLNZS5xUGE+mVNbTB8h/7Rwh2TFWcBQiPzTgyZi05BF9UMZKkLJv8XBRJTlU7zg8+ZfMg=="],

    "fuse.js": ["fuse.js@7.5.0", "", {}, "sha512-sQtrEfA+ez/3G0cCZecF70oqpCRttCexYUG4mUrtWL49ULUzUyxokt5kyqwtKzj1270RaKih+hcP3qLcumccow=="],

    "get-east-asian-width": ["get-east-asian-width@1.7.0", "", {}, "sha512-XjH1AECxf0giL2V1aU8vKyRR2ppRUb5c0EvT7zuJTokQ74bNo52zOtghqdWIqrhUD79fo3x0WfKZdOqxF6LG1Q=="],

    "graceful-fs": ["graceful-fs@4.2.11", "", {}, "sha512-RbJ5/jmFcNNCcDV5o9eTnBLJ/HszWV0P73bc+Ff4nS/rJj+YaS6IGyiOL0VoBYX+l1Wrl3k63h/KrH+nhJ0XvQ=="],

    "json-schema-traverse": ["json-schema-traverse@1.0.0", "", {}, "sha512-NM8/P9n3XjXhIZn1lLhkFaACTOURQXjWhV4BA/RnOv8xvgqtqpAX9IO4mRQxSx1Rlo4tqzeqb0sOlruaOy3dug=="],

    "marked": ["marked@17.0.1", "", { "bin": { "marked": "bin/marked.js" } }, "sha512-boeBdiS0ghpWcSwoNm/jJBwdpFaMnZWRzjA6SkUMYb40SVaN1x7mmfGKp0jvexGcx+7y2La5zRZsYFZI6Qpypg=="],

    "oxlint": ["oxlint@1.85.0", "", { "optionalDependencies": { "@oxlint/binding-android-arm-eabi": "1.85.0", "@oxlint/binding-android-arm64": "1.85.0", "@oxlint/binding-darwin-arm64": "1.85.0", "@oxlint/binding-darwin-x64": "1.85.0", "@oxlint/binding-freebsd-x64": "1.85.0", "@oxlint/binding-linux-arm-gnueabihf": "1.85.0", "@oxlint/binding-linux-arm-musleabihf": "1.85.0", "@oxlint/binding-linux-arm64-gnu": "1.85.0", "@oxlint/binding-linux-arm64-musl": "1.85.0", "@oxlint/binding-linux-ppc64-gnu": "1.85.0", "@oxlint/binding-linux-riscv64-gnu": "1.85.0", "@oxlint/binding-linux-riscv64-musl": "1.85.0", "@oxlint/binding-linux-s390x-gnu": "1.85.0", "@oxlint/binding-linux-x64-gnu": "1.85.0", "@oxlint/binding-linux-x64-musl": "1.85.0", "@oxlint/binding-openharmony-arm64": "1.85.0", "@oxlint/binding-win32-arm64-msvc": "1.85.0", "@oxlint/binding-win32-ia32-msvc": "1.85.0", "@oxlint/binding-win32-x64-msvc": "1.85.0" }, "peerDependencies": { "oxlint-tsgolint": ">=7.0.2001", "vite-plus": "*" }, "optionalPeers": ["oxlint-tsgolint", "vite-plus"], "bin": { "oxlint": "bin/oxlint" } }, "sha512-bc26s97nuvPj1ViyPsqmKecVkUWFMEdtayO8MaQ6oiLfs1pj94cQlZZhrh4BPNlr9HQosjhIlwgZKsfcwmcNgg=="],

    "oxlint-tsgolint": ["oxlint-tsgolint@7.0.2003", "", { "optionalDependencies": { "@oxlint-tsgolint/darwin-arm64": "7.0.2003", "@oxlint-tsgolint/darwin-x64": "7.0.2003", "@oxlint-tsgolint/linux-arm64": "7.0.2003", "@oxlint-tsgolint/linux-x64": "7.0.2003", "@oxlint-tsgolint/win32-arm64": "7.0.2003", "@oxlint-tsgolint/win32-x64": "7.0.2003" }, "bin": { "tsgolint": "./bin/tsgolint.js" } }, "sha512-VnK4zlqgmgq/7ZcjzCk/WpN8kKFsYGcB85Io9qT3wL4K8Un3RKmJkp793crNETieMusPMKOA4a+Mw2wbteI6TQ=="],

    "prettier": ["prettier@3.9.8", "", { "bin": { "prettier": "bin/prettier.cjs" } }, "sha512-WRFq3Wn3WId7LLROfMLdH7xaFr2jR62wU8nLO6rQUOLOxNZUviyJQs1M0iIhLexSFy+L+w0ch66wtoO2jRjG0A=="],

    "proper-lockfile": ["proper-lockfile@4.1.2", "", { "dependencies": { "graceful-fs": "^4.2.4", "retry": "^0.12.0", "signal-exit": "^3.0.2" } }, "sha512-TjNPblN4BwAWMXU8s9AEz4JmQxnD1NNL7bNOY/AKUzyamc379FWASUhc/K1pL2noVb+XmZKLL68cjzLsiOAMaA=="],

    "redis": ["redis@6.2.1", "", { "dependencies": { "@redis/bloom": "6.2.1", "@redis/client": "6.2.1", "@redis/json": "6.2.1", "@redis/search": "6.2.1", "@redis/time-series": "6.2.1" } }, "sha512-Z9VHtgYs48PiQC77X9O2Er8Hj4T+5BtFjT91/vi5Is1D04N72cA946ZslM1ImJw8ZctFBZWAVjM7S5wJNeHMpg=="],

    "require-from-string": ["require-from-string@2.0.2", "", {}, "sha512-Xf0nWe6RseziFMu+Ap9biiUbmplq6S9/p+7w7YXP/JBHhrUDDUhwa+vANyubuqfZWTveU//DYVGsDG7RKL/vEw=="],

    "retry": ["retry@0.12.0", "", {}, "sha512-9LkiTwjUh6rT555DtE9rTX+BKByPfrMzEAtnlEtdEwr3Nkffwiihqe2bWADg+OQRjt9gl6ICdmB/ZFDCGAtSow=="],

    "signal-exit": ["signal-exit@3.0.7", "", {}, "sha512-wnD2ZE+l+SPC/uoS0vXeE9L1+0wuaMqKlfz9AMUo38JsyLSBWSFcHR1Rri62LZc12vLr1gb3jl7iwQhgwpAbGQ=="],

    "string-width": ["string-width@7.2.0", "", { "dependencies": { "emoji-regex": "^10.3.0", "get-east-asian-width": "^1.0.0", "strip-ansi": "^7.1.0" } }, "sha512-tsaTIkKW9b4N+AEj+SVA+WhJzV7/zMhcSu78mLKWSk7cXMOSHsBKFWUs0fWwq8QyK3MgJBQRX6Gbi4kYbdvGkQ=="],

    "strip-ansi": ["strip-ansi@7.1.2", "", { "dependencies": { "ansi-regex": "^6.0.1" } }, "sha512-gmBGslpoQJtgnMAvOVqGZpEz9dyoKTCzy2nfz/n8aIFhN/jCE/rCmcxabB6jOOHV+0WNnylOxaxBQPSvcWklhA=="],

    "typescript": ["typescript@7.0.2", "", { "optionalDependencies": { "@typescript/typescript-aix-ppc64": "7.0.2", "@typescript/typescript-darwin-arm64": "7.0.2", "@typescript/typescript-darwin-x64": "7.0.2", "@typescript/typescript-freebsd-arm64": "7.0.2", "@typescript/typescript-freebsd-x64": "7.0.2", "@typescript/typescript-linux-arm": "7.0.2", "@typescript/typescript-linux-arm64": "7.0.2", "@typescript/typescript-linux-loong64": "7.0.2", "@typescript/typescript-linux-mips64el": "7.0.2", "@typescript/typescript-linux-ppc64": "7.0.2", "@typescript/typescript-linux-riscv64": "7.0.2", "@typescript/typescript-linux-s390x": "7.0.2", "@typescript/typescript-linux-x64": "7.0.2", "@typescript/typescript-netbsd-arm64": "7.0.2", "@typescript/typescript-netbsd-x64": "7.0.2", "@typescript/typescript-openbsd-arm64": "7.0.2", "@typescript/typescript-openbsd-x64": "7.0.2", "@typescript/typescript-sunos-x64": "7.0.2", "@typescript/typescript-win32-arm64": "7.0.2", "@typescript/typescript-win32-x64": "7.0.2" }, "bin": { "tsc": "bin/tsc" } }, "sha512-8FYau96o3NKOhbjKi/qNvG/W5jhzxkbdm5sj9AbZ/5T5sWqn3hJgLfGx27sRKZWTvyzCP8dLRBTf5tBTSRVUNA=="],

    "undici": ["undici@8.11.0", "", {}, "sha512-AdzuGcAkzhbha3GgCSoUBx2P0quwym6qdFNCQz/fDGZc8w9XJ741wHUbt2kTmfPz+ZIOMkySFkiY7RXmiDDC8w=="],

    "undici-types": ["undici-types@8.9.0", "", {}, "sha512-KTDyRTYX8sWmKXAikPHHSyc63CRPETMctyjKFupcC6OBLXT3xsN0e9aF7m+mIXutFWpUXuedtowG7iLOzp0kQg=="],

    "web-tree-sitter": ["web-tree-sitter@0.25.10", "", { "peerDependencies": { "@types/emscripten": "^1.40.0" }, "optionalPeers": ["@types/emscripten"] }, "sha512-Y09sF44/13XvgVKgO2cNDw5rGk6s26MgoZPXLESvMXeefBf7i6/73eFurre0IsTW6E14Y0ArIzhUMmjoc7xyzA=="],

    "ws": ["ws@8.21.3", "", { "peerDependencies": { "bufferutil": "^4.0.1", "utf-8-validate": ">=5.0.2" }, "optionalPeers": ["bufferutil", "utf-8-validate"] }, "sha512-201TZ/kPWxoPr/OKWjquZR1SWKXcvxdH+e1xrx89b3YbmzLMFCLfnaG1HFIgWzJOEWZ7MvpK++odZufgYR50Rw=="],

    "yaml": ["yaml@2.9.1", "", { "bin": { "yaml": "bin.mjs" } }, "sha512-3NxN8+78OdzbT7C/WjGsyfPAtJaN3FNDsWxv7Y7mcDsT/oOmgW8BpyQQFFBnvZE3j9Y2Sdz1ULFLezL7Eb2yFw=="],

    "string-width/strip-ansi": ["strip-ansi@7.2.0", "", { "dependencies": { "ansi-regex": "^6.2.2" } }, "sha512-yDPMNjp4WyfYBkHnjIRLfca1i6KMyGCtsVgoKe/z1+6vukgaENdgGBZt+ZmKPc4gavvEZ5OgHfHdrazhgNyG7w=="],
  }
}
