{
  "lockfileVersion": 1,
  "configVersion": 1,
  "workspaces": {
    "": {
      "name": "notes-capture-astro-check",
      "dependencies": {
        "@astrojs/check": "^0.9.6",
        "typescript": "^6.0.3",
      },
    },
  },
  "packages": {
    "@astrojs/check": ["@astrojs/check@0.9.9", "", { "dependencies": { "@astrojs/language-server": "^2.16.7", "chokidar": "^4.0.3", "kleur": "^4.1.5", "yargs": "^17.7.2" }, "peerDependencies": { "typescript": "^5.0.0 || ^6.0.0" }, "bin": { "astro-check": "bin/astro-check.js" } }, "sha512-A5UW8uIuErLWEoRQvzgXpO1gTjUFtK8r7nU2Z7GewAMxUb7bPvpk11qaKKgxqXlHJWlAvaaxy+Xg28A6bmQ1Tg=="],

    "@astrojs/compiler": ["@astrojs/compiler@2.13.1", "", {}, "sha512-f3FN83d2G/v32ipNClRKgYv30onQlMZX1vCeZMjPsMMPl1mDpmbl0+N5BYo4S/ofzqJyS5hvwacEo0CCVDn/Qg=="],

    "@astrojs/language-server": ["@astrojs/language-server@2.16.13", "", { "dependencies": { "@astrojs/compiler": "^2.13.1", "@astrojs/yaml2ts": "^0.2.4", "@jridgewell/sourcemap-codec": "^1.5.5", "@volar/kit": "~2.4.28", "@volar/language-core": "~2.4.28", "@volar/language-server": "~2.4.28", "@volar/language-service": "~2.4.28", "muggle-string": "^0.4.1", "tinyglobby": "^0.2.16", "volar-service-css": "0.0.71", "volar-service-emmet": "0.0.71", "volar-service-html": "0.0.71", "volar-service-prettier": "0.0.71", "volar-service-typescript": "0.0.71", "volar-service-typescript-twoslash-queries": "0.0.71", "volar-service-yaml": "0.0.71", "vscode-html-languageservice": "^5.6.2", "vscode-uri": "^3.1.0" }, "peerDependencies": { "prettier": "^3.0.0", "prettier-plugin-astro": ">=0.11.0" }, "optionalPeers": ["prettier", "prettier-plugin-astro"], "bin": { "astro-ls": "./bin/nodeServer.js" } }, "sha512-ekOa+CYprEq5n4EJC1qTIAhLk49HZIUQuFwrEuF+3JK/pdMaYnWoREFUI2A0KEPOJiFA2kamBzKzbYljDvUxLg=="],

    "@astrojs/yaml2ts": ["@astrojs/yaml2ts@0.2.4", "", { "dependencies": { "yaml": "^2.8.3" } }, "sha512-8oddpOae35pJsXPQXhTkM0ypfKPskVsh2bCxRtbf7e+/Epw2nReakFYpLKjZMEr75CsoF203PMnCocpfz0s69A=="],

    "@emmetio/abbreviation": ["@emmetio/abbreviation@2.3.3", "", { "dependencies": { "@emmetio/scanner": "^1.0.4" } }, "sha512-mgv58UrU3rh4YgbE/TzgLQwJ3pFsHHhCLqY20aJq+9comytTXUDNGG/SMtSeMJdkpxgXSXunBGLD8Boka3JyVA=="],

    "@emmetio/css-abbreviation": ["@emmetio/css-abbreviation@2.1.8", "", { "dependencies": { "@emmetio/scanner": "^1.0.4" } }, "sha512-s9yjhJ6saOO/uk1V74eifykk2CBYi01STTK3WlXWGOepyKa23ymJ053+DNQjpFcy1ingpaO7AxCcwLvHFY9tuw=="],

    "@emmetio/css-parser": ["@emmetio/css-parser@0.4.1", "", { "dependencies": { "@emmetio/stream-reader": "^2.2.0", "@emmetio/stream-reader-utils": "^0.1.0" } }, "sha512-2bC6m0MV/voF4CTZiAbG5MWKbq5EBmDPKu9Sb7s7nVcEzNQlrZP6mFFFlIaISM8X6514H9shWMme1fCm8cWAfQ=="],

    "@emmetio/html-matcher": ["@emmetio/html-matcher@1.3.0", "", { "dependencies": { "@emmetio/scanner": "^1.0.0" } }, "sha512-NTbsvppE5eVyBMuyGfVu2CRrLvo7J4YHb6t9sBFLyY03WYhXET37qA4zOYUjBWFCRHO7pS1B9khERtY0f5JXPQ=="],

    "@emmetio/scanner": ["@emmetio/scanner@1.0.4", "", {}, "sha512-IqRuJtQff7YHHBk4G8YZ45uB9BaAGcwQeVzgj/zj8/UdOhtQpEIupUhSk8dys6spFIWVZVeK20CzGEnqR5SbqA=="],

    "@emmetio/stream-reader": ["@emmetio/stream-reader@2.2.0", "", {}, "sha512-fXVXEyFA5Yv3M3n8sUGT7+fvecGrZP4k6FnWWMSZVQf69kAq0LLpaBQLGcPR30m3zMmKYhECP4k/ZkzvhEW5kw=="],

    "@emmetio/stream-reader-utils": ["@emmetio/stream-reader-utils@0.1.0", "", {}, "sha512-ZsZ2I9Vzso3Ho/pjZFsmmZ++FWeEd/txqybHTm4OgaZzdS8V9V/YYWQwg5TC38Z7uLWUV1vavpLLbjJtKubR1A=="],

    "@jridgewell/sourcemap-codec": ["@jridgewell/sourcemap-codec@1.5.5", "", {}, "sha512-cYQ9310grqxueWbl+WuIUIaiUaDcj7WOq5fVhEljNVgRfOUhY9fy2zTvfoqWsnebh8Sl70VScFbICvJnLKB0Og=="],

    "@volar/kit": ["@volar/kit@2.4.28", "", { "dependencies": { "@volar/language-service": "2.4.28", "@volar/typescript": "2.4.28", "typesafe-path": "^0.2.2", "vscode-languageserver-textdocument": "^1.0.11", "vscode-uri": "^3.0.8" }, "peerDependencies": { "typescript": "*" } }, "sha512-cKX4vK9dtZvDRaAzeoUdaAJEew6IdxHNCRrdp5Kvcl6zZOqb6jTOfk3kXkIkG3T7oTFXguEMt5+9ptyqYR84Pg=="],

    "@volar/language-core": ["@volar/language-core@2.4.28", "", { "dependencies": { "@volar/source-map": "2.4.28" } }, "sha512-w4qhIJ8ZSitgLAkVay6AbcnC7gP3glYM3fYwKV3srj8m494E3xtrCv6E+bWviiK/8hs6e6t1ij1s2Endql7vzQ=="],

    "@volar/language-server": ["@volar/language-server@2.4.28", "", { "dependencies": { "@volar/language-core": "2.4.28", "@volar/language-service": "2.4.28", "@volar/typescript": "2.4.28", "path-browserify": "^1.0.1", "request-light": "^0.7.0", "vscode-languageserver": "^9.0.1", "vscode-languageserver-protocol": "^3.17.5", "vscode-languageserver-textdocument": "^1.0.11", "vscode-uri": "^3.0.8" } }, "sha512-NqcLnE5gERKuS4PUFwlhMxf6vqYo7hXtbMFbViXcbVkbZ905AIVWhnSo0ZNBC2V127H1/2zP7RvVOVnyITFfBw=="],

    "@volar/language-service": ["@volar/language-service@2.4.28", "", { "dependencies": { "@volar/language-core": "2.4.28", "vscode-languageserver-protocol": "^3.17.5", "vscode-languageserver-textdocument": "^1.0.11", "vscode-uri": "^3.0.8" } }, "sha512-Rh/wYCZJrI5vCwMk9xyw/Z+MsWxlJY1rmMZPsxUoJKfzIRjS/NF1NmnuEcrMbEVGja00aVpCsInJfixQTMdvLw=="],

    "@volar/source-map": ["@volar/source-map@2.4.28", "", {}, "sha512-yX2BDBqJkRXfKw8my8VarTyjv48QwxdJtvRgUpNE5erCsgEUdI2DsLbpa+rOQVAJYshY99szEcRDmyHbF10ggQ=="],

    "@volar/typescript": ["@volar/typescript@2.4.28", "", { "dependencies": { "@volar/language-core": "2.4.28", "path-browserify": "^1.0.1", "vscode-uri": "^3.0.8" } }, "sha512-Ja6yvWrbis2QtN4ClAKreeUZPVYMARDYZl9LMEv1iQ1QdepB6wn0jTRxA9MftYmYa4DQ4k/DaSZpFPUfxl8giw=="],

    "@vscode/emmet-helper": ["@vscode/emmet-helper@2.11.0", "", { "dependencies": { "emmet": "^2.4.3", "jsonc-parser": "^2.3.0", "vscode-languageserver-textdocument": "^1.0.1", "vscode-languageserver-types": "^3.15.1", "vscode-uri": "^3.0.8" } }, "sha512-QLxjQR3imPZPQltfbWRnHU6JecWTF1QSWhx3GAKQpslx7y3Dp6sIIXhKjiUJ/BR9FX8PVthjr9PD6pNwOJfAzw=="],

    "@vscode/l10n": ["@vscode/l10n@0.0.18", "", {}, "sha512-KYSIHVmslkaCDyw013pphY+d7x1qV8IZupYfeIfzNA+nsaWHbn5uPuQRvdRFsa9zFzGeudPuoGoZ1Op4jrJXIQ=="],

    "ajv": ["ajv@8.20.0", "", { "dependencies": { "fast-deep-equal": "^3.1.3", "fast-uri": "^3.0.1", "json-schema-traverse": "^1.0.0", "require-from-string": "^2.0.2" } }, "sha512-Thbli+OlOj+iMPYFBVBfJ3OmCAnaSyNn4M1vz9T6Gka5Jt9ba/HIR56joy65tY6kx/FCF5VXNB819Y7/GUrBGA=="],

    "ajv-draft-04": ["ajv-draft-04@1.0.0", "", { "peerDependencies": { "ajv": "^8.5.0" }, "optionalPeers": ["ajv"] }, "sha512-mv00Te6nmYbRp5DCwclxtt7yV/joXJPGS7nM+97GdxvuttCOfgI3K4U25zboyeX0O+myI8ERluxQe5wljMmVIw=="],

    "ajv-i18n": ["ajv-i18n@4.2.0", "", { "peerDependencies": { "ajv": "^8.0.0-beta.0" } }, "sha512-v/ei2UkCEeuKNXh8RToiFsUclmU+G57LO1Oo22OagNMENIw+Yb8eMwvHu7Vn9fmkjJyv6XclhJ8TbuigSglPkg=="],

    "ansi-regex": ["ansi-regex@5.0.1", "", {}, "sha512-quJQXlTSUGL2LH9SUXo8VwsY4soanhgo6LNSm84E1LBcE8s3O0wpdiRzyR9z/ZZJMlMWv37qOOb9pdJlMUEKFQ=="],

    "ansi-styles": ["ansi-styles@4.3.0", "", { "dependencies": { "color-convert": "^2.0.1" } }, "sha512-zbB9rCJAT1rbjiVDb2hqKFHNYLxgtk8NURxZ3IZwD3F6NtxbXZQCnnSi1Lkx+IDohdPlFp222wVALIheZJQSEg=="],

    "chokidar": ["chokidar@4.0.3", "", { "dependencies": { "readdirp": "^4.0.1" } }, "sha512-Qgzu8kfBvo+cA4962jnP1KkS6Dop5NS6g7R5LFYJr4b8Ub94PPQXUksCw9PvXoeXPRRddRNC5C1JQUR2SMGtnA=="],

    "cliui": ["cliui@8.0.1", "", { "dependencies": { "string-width": "^4.2.0", "strip-ansi": "^6.0.1", "wrap-ansi": "^7.0.0" } }, "sha512-BSeNnyus75C4//NQ9gQt1/csTXyo/8Sb+afLAkzAptFuMsod9HFokGNudZpi/oQV73hnVK+sR+5PVRMd+Dr7YQ=="],

    "color-convert": ["color-convert@2.0.1", "", { "dependencies": { "color-name": "~1.1.4" } }, "sha512-RRECPsj7iu/xb5oKYcsFHSppFNnsj/52OVTRKb4zP5onXwVF3zVmmToNcOfGC+CRDpfK/U584fMg38ZHCaElKQ=="],

    "color-name": ["color-name@1.1.4", "", {}, "sha512-dOy+3AuW3a2wNbZHIuMZpTcgjGuLU/uBL/ubcZF9OXbDo8ff4O8yVp5Bf0efS8uEoYo5q4Fx7dY9OgQGXgAsQA=="],

    "emmet": ["emmet@2.4.11", "", { "dependencies": { "@emmetio/abbreviation": "^2.3.3", "@emmetio/css-abbreviation": "^2.1.8" } }, "sha512-23QPJB3moh/U9sT4rQzGgeyyGIrcM+GH5uVYg2C6wZIxAIJq7Ng3QLT79tl8FUwDXhyq9SusfknOrofAKqvgyQ=="],

    "emoji-regex": ["emoji-regex@8.0.0", "", {}, "sha512-MSjYzcWNOA0ewAHpz0MxpYFvwg6yjy1NG3xteoqz644VCo/RPgnr1/GGt+ic3iJTzQ8Eu3TdM14SawnVUmGE6A=="],

    "escalade": ["escalade@3.2.0", "", {}, "sha512-WUj2qlxaQtO4g6Pq5c29GTcWGDyd8itL8zTlipgECz3JesAiiOKotd8JU6otB3PACgG6xkJUyVhboMS+bje/jA=="],

    "fast-deep-equal": ["fast-deep-equal@3.1.3", "", {}, "sha512-f3qQ9oQy9j2AhBe/H9VC91wLmKBCCU/gDOnKNAYG5hswO7BLKj09Hc5HYNz9cGI++xlpDCIgDaitVs03ATR84Q=="],

    "fast-uri": ["fast-uri@3.1.4", "", {}, "sha512-8JnbkQ4juDyvYs4mgFGQqg4yCYtFDtUtmp2QIQq11ZZe5CFQ5wcqm1rqDgAh/QdMySuBnPzMUiJUNZG5N/AiQw=="],

    "fdir": ["fdir@6.5.0", "", { "peerDependencies": { "picomatch": "^3 || ^4" }, "optionalPeers": ["picomatch"] }, "sha512-tIbYtZbucOs0BRGqPJkshJUYdL+SDH7dVM8gjy+ERp3WAUjLEFJE+02kanyHtwjWOnwrKYBiwAmM0p4kLJAnXg=="],

    "get-caller-file": ["get-caller-file@2.0.5", "", {}, "sha512-DyFP3BM/3YHTQOCUL/w0OZHR0lpKeGrxotcHWcqNEdnltqFwXVfhEBQ94eIo34AfQpo0rGki4cyIiftY06h2Fg=="],

    "is-fullwidth-code-point": ["is-fullwidth-code-point@3.0.0", "", {}, "sha512-zymm5+u+sCsSWyD9qNaejV3DFvhCKclKdizYaJUuHA83RLjb7nSuGnddCHGv0hk+KY7BMAlsWeK4Ueg6EV6XQg=="],

    "json-schema-traverse": ["json-schema-traverse@1.0.0", "", {}, "sha512-NM8/P9n3XjXhIZn1lLhkFaACTOURQXjWhV4BA/RnOv8xvgqtqpAX9IO4mRQxSx1Rlo4tqzeqb0sOlruaOy3dug=="],

    "jsonc-parser": ["jsonc-parser@2.3.1", "", {}, "sha512-H8jvkz1O50L3dMZCsLqiuB2tA7muqbSg1AtGEkN0leAqGjsUzDJir3Zwr02BhqdcITPg3ei3mZ+HjMocAknhhg=="],

    "kleur": ["kleur@4.1.5", "", {}, "sha512-o+NO+8WrRiQEE4/7nwRJhN1HWpVmJm511pBHUxPLtp0BUISzlBplORYSmTclCnJvQq2tKu/sgl3xVpkc7ZWuQQ=="],

    "muggle-string": ["muggle-string@0.4.1", "", {}, "sha512-VNTrAak/KhO2i8dqqnqnAHOa3cYBwXEZe9h+D5h/1ZqFSTEFHdM65lR7RoIqq3tBBYavsOXV84NoHXZ0AkPyqQ=="],

    "path-browserify": ["path-browserify@1.0.1", "", {}, "sha512-b7uo2UCUOYZcnF/3ID0lulOJi/bafxa1xPe7ZPsammBSpjSWQkjNxlt635YGS2MiR9GjvuXCtz2emr3jbsz98g=="],

    "picomatch": ["picomatch@4.0.5", "", {}, "sha512-RvwwcruNjI1ncT5xRakeyS9Lf8lcItv34KD+aif+VH9kduAyfYBipGh12274xtenIPZ119/R9BdTBa8gAwSh0A=="],

    "prettier": ["prettier@3.9.6", "", { "bin": { "prettier": "bin/prettier.cjs" } }, "sha512-OpN0zzVdiaiAhxpuuj5efpIS4sY9j7bY6uR5mnj5yPzGkdkjNKSJeUThPb60Jw29QuAZgA4o+/iB49kFiaBX6g=="],

    "readdirp": ["readdirp@4.1.2", "", {}, "sha512-GDhwkLfywWL2s6vEjyhri+eXmfH6j1L7JE27WhqLeYzoh/A3DBaYGEj2H/HFZCn/kMfim73FXxEJTw06WtxQwg=="],

    "request-light": ["request-light@0.7.0", "", {}, "sha512-lMbBMrDoxgsyO+yB3sDcrDuX85yYt7sS8BfQd11jtbW/z5ZWgLZRcEGLsLoYw7I0WSUGQBs8CC8ScIxkTX1+6Q=="],

    "require-directory": ["require-directory@2.1.1", "", {}, "sha512-fGxEI7+wsG9xrvdjsrlmL22OMTTiHRwAMroiEeMgq8gzoLC/PQr7RsRDSTLUg/bZAZtF+TVIkHc6/4RIKrui+Q=="],

    "require-from-string": ["require-from-string@2.0.2", "", {}, "sha512-Xf0nWe6RseziFMu+Ap9biiUbmplq6S9/p+7w7YXP/JBHhrUDDUhwa+vANyubuqfZWTveU//DYVGsDG7RKL/vEw=="],

    "semver": ["semver@7.8.5", "", { "bin": { "semver": "bin/semver.js" } }, "sha512-Y7/KDsb8LjooZpwaqGyulO6DQlksgCncchHGk+sZIY4SBvUocMBEFH5Ur1fI4dV+Jvl0w6cjvucaIi40puRioA=="],

    "string-width": ["string-width@4.2.3", "", { "dependencies": { "emoji-regex": "^8.0.0", "is-fullwidth-code-point": "^3.0.0", "strip-ansi": "^6.0.1" } }, "sha512-wKyQRQpjJ0sIp62ErSZdGsjMJWsap5oRNihHhu6G7JVO/9jIB6UyevL+tXuOqrng8j/cxKTWyWUwvSTriiZz/g=="],

    "strip-ansi": ["strip-ansi@6.0.1", "", { "dependencies": { "ansi-regex": "^5.0.1" } }, "sha512-Y38VPSHcqkFrCpFnQ9vuSXmquuv5oXOKpGeT6aGrr3o3Gc9AlVa6JBfUSOCnbxGGZF+/0ooI7KrPuUSztUdU5A=="],

    "tinyglobby": ["tinyglobby@0.2.17", "", { "dependencies": { "fdir": "^6.5.0", "picomatch": "^4.0.4" } }, "sha512-wXR/dYpcqKmfWpEdZjiKJOwCNFndD0DMnrW/cYjVGttEkBfVgcLFHoNrlj47mjOVic9yyNu65alsgF4NQyTa2g=="],

    "typesafe-path": ["typesafe-path@0.2.2", "", {}, "sha512-OJabfkAg1WLZSqJAJ0Z6Sdt3utnbzr/jh+NAHoyWHJe8CMSy79Gm085094M9nvTPy22KzTVn5Zq5mbapCI/hPA=="],

    "typescript": ["typescript@6.0.3", "", { "bin": { "tsc": "bin/tsc", "tsserver": "bin/tsserver" } }, "sha512-y2TvuxSZPDyQakkFRPZHKFm+KKVqIisdg9/CZwm9ftvKXLP8NRWj38/ODjNbr43SsoXqNuAisEf1GdCxqWcdBw=="],

    "typescript-auto-import-cache": ["typescript-auto-import-cache@0.3.6", "", { "dependencies": { "semver": "^7.3.8" } }, "sha512-RpuHXrknHdVdK7wv/8ug3Fr0WNsNi5l5aB8MYYuXhq2UH5lnEB1htJ1smhtD5VeCsGr2p8mUDtd83LCQDFVgjQ=="],

    "volar-service-css": ["volar-service-css@0.0.71", "", { "dependencies": { "vscode-css-languageservice": "^6.3.0", "vscode-languageserver-textdocument": "^1.0.11", "vscode-uri": "^3.0.8" }, "peerDependencies": { "@volar/language-service": "~2.4.0" }, "optionalPeers": ["@volar/language-service"] }, "sha512-wRRFt9BpjMKCazcgOh67MSjUjiWUCAh99DyYSDIOTuxaRjEtDC7PpB0k1Y1wbJIW/pVtMUSVbpPo3UGSm0Byxw=="],

    "volar-service-emmet": ["volar-service-emmet@0.0.71", "", { "dependencies": { "@emmetio/css-parser": "^0.4.1", "@emmetio/html-matcher": "^1.3.0", "@vscode/emmet-helper": "^2.9.3", "vscode-uri": "^3.0.8" }, "peerDependencies": { "@volar/language-service": "~2.4.0" }, "optionalPeers": ["@volar/language-service"] }, "sha512-zqjzt6bN95e3CUstBm0PBFAJnrfz0ZAARka87fart46/gNCLLuP3Vujy8V/J8HEziTFLnfkgIASLFYPUhonJcA=="],

    "volar-service-html": ["volar-service-html@0.0.71", "", { "dependencies": { "vscode-html-languageservice": "^5.3.0", "vscode-languageserver-textdocument": "^1.0.11", "vscode-uri": "^3.0.8" }, "peerDependencies": { "@volar/language-service": "~2.4.0" }, "optionalPeers": ["@volar/language-service"] }, "sha512-e8tHPhgQ7ooLfudAEIku+kgd9pWkq3SSz8RbnQDI1+Eb8wbenkLGHqoirLqz5ORLV6wIMr2Iv08RWBG5eOcgpw=="],

    "volar-service-prettier": ["volar-service-prettier@0.0.71", "", { "dependencies": { "vscode-uri": "^3.0.8" }, "peerDependencies": { "@volar/language-service": "~2.4.0", "prettier": "^2.2 || ^3.0" }, "optionalPeers": ["@volar/language-service", "prettier"] }, "sha512-Rz7JVH3qD108UCdmIEiZvOBNljMt2nLFdbN8AXcDfn7xD9F5I2aCIsDVqBbXw21PsnxG0b7MfwtNF+zPS/NKUg=="],

    "volar-service-typescript": ["volar-service-typescript@0.0.71", "", { "dependencies": { "path-browserify": "^1.0.1", "semver": "^7.6.2", "typescript-auto-import-cache": "^0.3.5", "vscode-languageserver-textdocument": "^1.0.11", "vscode-nls": "^5.2.0", "vscode-uri": "^3.0.8" }, "peerDependencies": { "@volar/language-service": "~2.4.0" }, "optionalPeers": ["@volar/language-service"] }, "sha512-yTtM/BVT6hoyEYnDtaCyAtNhdNeS/mhTTABlBOdw3NNiRBUin3IznFJpgfjer4c6RYopiPjjQjc9VFhxVl1mLw=="],

    "volar-service-typescript-twoslash-queries": ["volar-service-typescript-twoslash-queries@0.0.71", "", { "dependencies": { "vscode-uri": "^3.0.8" }, "peerDependencies": { "@volar/language-service": "~2.4.0" }, "optionalPeers": ["@volar/language-service"] }, "sha512-9K2k72s4n7rV9s4bX0MyjbX9iBribvKZbBJKuEmTCZfeWJXs6Yh7bGpY4eoc7UufAjvpheBqwyZCOIPBvxCv0A=="],

    "volar-service-yaml": ["volar-service-yaml@0.0.71", "", { "dependencies": { "vscode-uri": "^3.0.8", "yaml-language-server": "~1.23.0" }, "peerDependencies": { "@volar/language-service": "~2.4.0" }, "optionalPeers": ["@volar/language-service"] }, "sha512-qYGWGuVpUTnZGu5P/CR4KLK4aIR8RrcVnmfZ2eRcj9q/I8VZCoC5yy9FtEvfNvnDp4MU17yhdJcvpQPIqhJS2Q=="],

    "vscode-css-languageservice": ["vscode-css-languageservice@6.3.10", "", { "dependencies": { "@vscode/l10n": "^0.0.18", "vscode-languageserver-textdocument": "^1.0.12", "vscode-languageserver-types": "3.17.5", "vscode-uri": "^3.1.0" } }, "sha512-eq5N9Er3fC4vA9zd9EFhyBG90wtCCuXgRSpAndaOgXMh1Wgep5lBgRIeDgjZBW9pa+332yC9+49cZMW8jcL3MA=="],

    "vscode-html-languageservice": ["vscode-html-languageservice@5.6.2", "", { "dependencies": { "@vscode/l10n": "^0.0.18", "vscode-languageserver-textdocument": "^1.0.12", "vscode-languageserver-types": "^3.17.5", "vscode-uri": "^3.1.0" } }, "sha512-ulCrSnFnfQ16YzvwnYUgEbUEl/ZG7u2eV27YhvLObSHKkb8fw1Z9cgsnUwjTEeDIdJDoTDTDpxuhQwoenoLNMg=="],

    "vscode-json-languageservice": ["vscode-json-languageservice@4.1.8", "", { "dependencies": { "jsonc-parser": "^3.0.0", "vscode-languageserver-textdocument": "^1.0.1", "vscode-languageserver-types": "^3.16.0", "vscode-nls": "^5.0.0", "vscode-uri": "^3.0.2" } }, "sha512-0vSpg6Xd9hfV+eZAaYN63xVVMOTmJ4GgHxXnkLCh+9RsQBkWKIghzLhW2B9ebfG+LQQg8uLtsQ2aUKjTgE+QOg=="],

    "vscode-jsonrpc": ["vscode-jsonrpc@9.0.1", "", {}, "sha512-rfuA6T75H6m5EkbhtEPzre9pT0HPcDI2MMy4+nPFIBks5J8JBAUHD4tRYSgaBOijIEC7SRkC1kKyXTLqbmh9jw=="],

    "vscode-languageserver": ["vscode-languageserver@9.0.1", "", { "dependencies": { "vscode-languageserver-protocol": "3.17.5" }, "bin": { "installServerIntoExtension": "bin/installServerIntoExtension" } }, "sha512-woByF3PDpkHFUreUa7Hos7+pUWdeWMXRd26+ZX2A8cFx6v/JPTtd4/uN0/jB6XQHYaOlHbio03NTHCqrgG5n7g=="],

    "vscode-languageserver-protocol": ["vscode-languageserver-protocol@3.18.2", "", { "dependencies": { "vscode-jsonrpc": "9.0.1", "vscode-languageserver-types": "3.18.0" } }, "sha512-XRyDbT0Pp3sSNti3JmxVEUMySWCSi1hhM+/KUlCy1hV1zmrqpM1OwO12EAki8blhmLuIMpaJrYbo0OzGVfK2Qg=="],

    "vscode-languageserver-textdocument": ["vscode-languageserver-textdocument@1.0.12", "", {}, "sha512-cxWNPesCnQCcMPeenjKKsOCKQZ/L6Tv19DTRIGuLWe32lyzWhihGVJ/rcckZXJxfdKCFvRLS3fpBIsV/ZGX4zA=="],

    "vscode-languageserver-types": ["vscode-languageserver-types@3.18.0", "", {}, "sha512-8TsGPNMIMiiBdkORgRSvLjuiEIiAFtO+KssmYWxQ+uSVvlf7RjK8YKCOjPzZ+YA04jXEV7+7LvkSmHkhpNS99g=="],

    "vscode-nls": ["vscode-nls@5.2.0", "", {}, "sha512-RAaHx7B14ZU04EU31pT+rKz2/zSl7xMsfIZuo8pd+KZO6PXtQmpevpq3vxvWNcrGbdmhM/rr5Uw5Mz+NBfhVng=="],

    "vscode-uri": ["vscode-uri@3.1.0", "", {}, "sha512-/BpdSx+yCQGnCvecbyXdxHDkuk55/G3xwnC0GqY4gmQ3j+A+g8kzzgB4Nk/SINjqn6+waqw3EgbVF2QKExkRxQ=="],

    "wrap-ansi": ["wrap-ansi@7.0.0", "", { "dependencies": { "ansi-styles": "^4.0.0", "string-width": "^4.1.0", "strip-ansi": "^6.0.0" } }, "sha512-YVGIj2kamLSTxw6NsZjoBxfSwsn0ycdesmc4p+Q21c5zPuZ1pl+NfxVdxPtdHvmNVOQ6XSYG4AUtyt/Fi7D16Q=="],

    "y18n": ["y18n@5.0.8", "", {}, "sha512-0pfFzegeDWJHJIAmTLRP2DwHjdF5s7jo9tuztdQxAhINCdvS+3nGINqPd00AphqJR/0LhANUS6/+7SCb98YOfA=="],

    "yaml": ["yaml@2.9.0", "", { "bin": { "yaml": "bin.mjs" } }, "sha512-2AvhNX3mb8zd6Zy7INTtSpl1F15HW6Wnqj0srWlkKLcpYl/gMIMJiyuGq2KeI2YFxUPjdlB+3Lc10seMLtL4cA=="],

    "yaml-language-server": ["yaml-language-server@1.23.0", "", { "dependencies": { "@vscode/l10n": "^0.0.18", "ajv": "^8.17.1", "ajv-draft-04": "^1.0.0", "ajv-i18n": "^4.2.0", "prettier": "^3.8.1", "request-light": "^0.5.7", "vscode-json-languageservice": "4.1.8", "vscode-languageserver": "^9.0.0", "vscode-languageserver-textdocument": "^1.0.1", "vscode-languageserver-types": "^3.16.0", "vscode-uri": "^3.0.2", "yaml": "2.8.3" }, "bin": { "yaml-language-server": "bin/yaml-language-server" } }, "sha512-3qVyCOexLCWw06PQa5kRPwvMWMZ/eZeCRWUvgD6a0OkqL/4iCnxy2WumbWifa937Uo5xhyWJ0uxlU39ljhNh7A=="],

    "yargs": ["yargs@17.7.3", "", { "dependencies": { "cliui": "^8.0.1", "escalade": "^3.1.1", "get-caller-file": "^2.0.5", "require-directory": "^2.1.1", "string-width": "^4.2.3", "y18n": "^5.0.5", "yargs-parser": "^21.1.1" } }, "sha512-GZtjxm/J/4TSxuL3FNYjCmLktBTnIw/rVmKSIyKeYAZpmJB2ig9VauCC5xsa82GNKVKDAqpOn3KVzNt0zmrU0g=="],

    "yargs-parser": ["yargs-parser@21.1.1", "", {}, "sha512-tVpsJW7DdjecAiFpbIB1e3qxIQsE6NoPc5/eTdrbbIC4h0LVsWhnoa3g+m2HclBIujHzsxZ4VJVA+GUuc2/LBw=="],

    "vscode-css-languageservice/vscode-languageserver-types": ["vscode-languageserver-types@3.17.5", "", {}, "sha512-Ld1VelNuX9pdF39h2Hgaeb5hEZM2Z3jUrrMgWQAu82jMtZp7p3vJT3BzToKtZI7NgQssZje5o0zryOrhQvzQAg=="],

    "vscode-json-languageservice/jsonc-parser": ["jsonc-parser@3.3.1", "", {}, "sha512-HUgH65KyejrUFPvHFPbqOY0rsFip3Bo5wb4ngvdi1EpCYWUQDC5V+Y7mZws+DLkr4M//zQJoanu1SP+87Dv1oQ=="],

    "vscode-languageserver/vscode-languageserver-protocol": ["vscode-languageserver-protocol@3.17.5", "", { "dependencies": { "vscode-jsonrpc": "8.2.0", "vscode-languageserver-types": "3.17.5" } }, "sha512-mb1bvRJN8SVznADSGWM9u/b07H7Ecg0I3OgXDuLdn307rl/J3A9YD6/eYOssqhecL27hK1IPZAsaqh00i/Jljg=="],

    "yaml-language-server/request-light": ["request-light@0.5.8", "", {}, "sha512-3Zjgh+8b5fhRJBQZoy+zbVKpAQGLyka0MPgW3zruTF4dFFJ8Fqcfu9YsAvi/rvdcaTeWG3MkbZv4WKxAn/84Lg=="],

    "yaml-language-server/yaml": ["yaml@2.8.3", "", { "bin": { "yaml": "bin.mjs" } }, "sha512-AvbaCLOO2Otw/lW5bmh9d/WEdcDFdQp2Z2ZUH3pX9U2ihyUY0nvLv7J6TrWowklRGPYbB/IuIMfYgxaCPg5Bpg=="],

    "vscode-languageserver/vscode-languageserver-protocol/vscode-jsonrpc": ["vscode-jsonrpc@8.2.0", "", {}, "sha512-C+r0eKJUIfiDIfwJhria30+TYWPtuHJXHtI7J0YlOmKAo7ogxP20T0zxB7HZQIFhIyvoBPwWskjxrvAtfjyZfA=="],

    "vscode-languageserver/vscode-languageserver-protocol/vscode-languageserver-types": ["vscode-languageserver-types@3.17.5", "", {}, "sha512-Ld1VelNuX9pdF39h2Hgaeb5hEZM2Z3jUrrMgWQAu82jMtZp7p3vJT3BzToKtZI7NgQssZje5o0zryOrhQvzQAg=="],
  }
}
